github.com/grokify/mogo v0.41.3 h1:BbD5K1KDoJ9qa8H26aOv0hvq7s4Gqot9qyWYQyQ64Hs=
github.com/grokify/mogo v0.41.3/go.mod h1:F2BzVq/EKWBOknixSZhN/V3n2YTxfMuhLwwLRXVblw0=
github.com/huandu/xstrings v1.3.3 h1:/Gcsuc1x8JVbJ9/rlye4xZnVAbEkGauT8lbebqcQws4=
github.com/huandu/xstrings v1.3.3/go.mod h1:y5/lhBue+AyNmUVz9RLU9xbLR0o4KIIExikq4ovT0aE=
