github.com/grokify/mogo v0.41.6 h1:iPhch86C3KlAvvsIVlhFiX2MDWRVa2OTc4lzInzhwrU=
github.com/grokify/mogo v0.41.6/go.mod h1:qF5wHvDFTGfHm+MTrS4B7ONlAC6RKtbCMQeNkhPEq0Q=
github.com/huandu/xstrings v1.3.3 h1:/Gcsuc1x8JVbJ9/rlye4xZnVAbEkGauT8lbebqcQws4=
github.com/huandu/xstrings v1.3.3/go.mod h1:y5/lhBue+AyNmUVz9RLU9xbLR0o4KIIExikq4ovT0aE=
golang.org/x/text v0.4.0 h1:BrVqGRd7+k1DiOgtnFvAkoQEWQvBc25ouMJM6429SFg=
golang.org/x/text v0.4.0/go.mod h1:mrYo+phRRbMaCq/xk9113O4dZlRixOauAjOtrjsXDZ8=
