github.com/grokify/mogo v0.44.0 h1:7l08vBtovpEtsKItOPj8dv34gG0WK7tgF2ybYnvy60k=
github.com/grokify/mogo v0.44.0/go.mod h1:OtHScf6nlByQ37lxeLRu7Z09IHbO6V6tKS6Rr4pCU0c=
github.com/huandu/xstrings v1.4.0 h1:D17IlohoQq4UcpqD7fDk80P7l+lwAmlFaBHgOipl2FU=
github.com/huandu/xstrings v1.4.0/go.mod h1:y5/lhBue+AyNmUVz9RLU9xbLR0o4KIIExikq4ovT0aE=
golang.org/x/text v0.5.0 h1:OLmvp0KP+FVG99Ct/qFiL/Fhk4zp4QQnZ7b2U+5piUM=
golang.org/x/text v0.5.0/go.mod h1:mrYo+phRRbMaCq/xk9113O4dZlRixOauAjOtrjsXDZ8=
